
Microsoft Visual Studio Solution File, Format Version 12.00
# Visual Studio Version 17
VisualStudioVersion = 17.4.33403.182
MinimumVisualStudioVersion = 10.0.40219.1
Project("{FAE04EC0-301F-11D3-BF4B-00C04F79EFBC}") = "Temperature", "Temperature.csproj", "{888FDFE3-5287-450F-8426-3ADD1C5D89FB}"
EndProject
Global
	GlobalSection(SolutionConfigurationPlatforms) = preSolution
		Debug|Any CPU = Debug|Any CPU
		Release|Any CPU = Release|Any CPU
	EndGlobalSection
	GlobalSection(ProjectConfigurationPlatforms) = postSolution
		{888FDFE3-5287-450F-8426-3ADD1C5D89FB}.Debug|Any CPU.ActiveCfg = Debug|Any CPU
		{888FDFE3-5287-450F-8426-3ADD1C5D89FB}.Debug|Any CPU.Build.0 = Debug|Any CPU
		{888FDFE3-5287-450F-8426-3ADD1C5D89FB}.Release|Any CPU.ActiveCfg = Release|Any CPU
		{888FDFE3-5287-450F-8426-3ADD1C5D89FB}.Release|Any CPU.Build.0 = Release|Any CPU
	EndGlobalSection
	GlobalSection(SolutionProperties) = preSolution
		HideSolutionNode = FALSE
	EndGlobalSection
	GlobalSection(ExtensibilityGlobals) = postSolution
		SolutionGuid = {4BBF6390-D202-48B5-BF0D-D4E26A5102C2}
	EndGlobalSection
EndGlobal
